
Microsoft Visual Studio Solution File, Format Version 12.00
# Visual Studio Version 17
VisualStudioVersion = 17.0.31903.59
MinimumVisualStudioVersion = 10.0.40219.1
Project("{FAE04EC0-301F-11D3-BF4B-00C04F79EFBC}") = "BEV.Application", "BEV.Application\BEV.Application.csproj", "{31252222-3846-4338-B8B5-A82A26DCB401}"
EndProject
Project("{FAE04EC0-301F-11D3-BF4B-00C04F79EFBC}") = "BEV.Domain", "BEV.Domain\BEV.Domain.csproj", "{82786DA8-F0E1-47FD-8D32-BB9B462AD450}"
EndProject
Project("{FAE04EC0-301F-11D3-BF4B-00C04F79EFBC}") = "BEV.Service", "BEV.Service\BEV.Service.csproj", "{FA768023-4CD2-4830-BEEC-670B0BEEDD3D}"
EndProject
Project("{FAE04EC0-301F-11D3-BF4B-00C04F79EFBC}") = "BEV.Infra", "BEV.Infra\BEV.Infra.csproj", "{9775D415-A208-48E6-A640-4FABDB08F292}"
EndProject
Project("{FAE04EC0-301F-11D3-BF4B-00C04F79EFBC}") = "BEV.Test", "BEV.Test\BEV.Test.csproj", "{25E5156D-97B6-4619-8138-0AB852EFD93F}"
EndProject
Global
	GlobalSection(SolutionConfigurationPlatforms) = preSolution
		Debug|Any CPU = Debug|Any CPU
		Release|Any CPU = Release|Any CPU
	EndGlobalSection
	GlobalSection(ProjectConfigurationPlatforms) = postSolution
		{31252222-3846-4338-B8B5-A82A26DCB401}.Debug|Any CPU.ActiveCfg = Debug|Any CPU
		{31252222-3846-4338-B8B5-A82A26DCB401}.Debug|Any CPU.Build.0 = Debug|Any CPU
		{31252222-3846-4338-B8B5-A82A26DCB401}.Release|Any CPU.ActiveCfg = Release|Any CPU
		{31252222-3846-4338-B8B5-A82A26DCB401}.Release|Any CPU.Build.0 = Release|Any CPU
		{82786DA8-F0E1-47FD-8D32-BB9B462AD450}.Debug|Any CPU.ActiveCfg = Debug|Any CPU
		{82786DA8-F0E1-47FD-8D32-BB9B462AD450}.Debug|Any CPU.Build.0 = Debug|Any CPU
		{82786DA8-F0E1-47FD-8D32-BB9B462AD450}.Release|Any CPU.ActiveCfg = Release|Any CPU
		{82786DA8-F0E1-47FD-8D32-BB9B462AD450}.Release|Any CPU.Build.0 = Release|Any CPU
		{FA768023-4CD2-4830-BEEC-670B0BEEDD3D}.Debug|Any CPU.ActiveCfg = Debug|Any CPU
		{FA768023-4CD2-4830-BEEC-670B0BEEDD3D}.Debug|Any CPU.Build.0 = Debug|Any CPU
		{FA768023-4CD2-4830-BEEC-670B0BEEDD3D}.Release|Any CPU.ActiveCfg = Release|Any CPU
		{FA768023-4CD2-4830-BEEC-670B0BEEDD3D}.Release|Any CPU.Build.0 = Release|Any CPU
		{9775D415-A208-48E6-A640-4FABDB08F292}.Debug|Any CPU.ActiveCfg = Debug|Any CPU
		{9775D415-A208-48E6-A640-4FABDB08F292}.Debug|Any CPU.Build.0 = Debug|Any CPU
		{9775D415-A208-48E6-A640-4FABDB08F292}.Release|Any CPU.ActiveCfg = Release|Any CPU
		{9775D415-A208-48E6-A640-4FABDB08F292}.Release|Any CPU.Build.0 = Release|Any CPU
		{25E5156D-97B6-4619-8138-0AB852EFD93F}.Debug|Any CPU.ActiveCfg = Debug|Any CPU
		{25E5156D-97B6-4619-8138-0AB852EFD93F}.Debug|Any CPU.Build.0 = Debug|Any CPU
		{25E5156D-97B6-4619-8138-0AB852EFD93F}.Release|Any CPU.ActiveCfg = Release|Any CPU
		{25E5156D-97B6-4619-8138-0AB852EFD93F}.Release|Any CPU.Build.0 = Release|Any CPU
	EndGlobalSection
	GlobalSection(SolutionProperties) = preSolution
		HideSolutionNode = FALSE
	EndGlobalSection
	GlobalSection(NestedProjects) = preSolution
		{31252222-3846-4338-B8B5-A82A26DCB401} = {074E3881-6E5D-420F-96E8-3AEC6F0D34EA}
		{82786DA8-F0E1-47FD-8D32-BB9B462AD450} = {B06BE3E4-BAB2-45EF-B1F7-85F854B069CC}
		{FA768023-4CD2-4830-BEEC-670B0BEEDD3D} = {43F4EFD9-44C5-48B5-8A18-8E63F8A3D8CB}
		{9775D415-A208-48E6-A640-4FABDB08F292} = {5B9EAB66-9E1C-4F91-B253-B38871955C76}
		{25E5156D-97B6-4619-8138-0AB852EFD93F} = {DE69CD6B-C770-446E-84BB-8CF46D6F5C2F}
	EndGlobalSection
	GlobalSection(ExtensibilityGlobals) = postSolution
		SolutionGuid = {A1269D6E-0CC7-46AF-8953-1EA692F1B7AE}
	EndGlobalSection
EndGlobal
